
Microsoft Visual Studio Solution File, Format Version 11.00
# Visual Studio 2010
Project("{FAE04EC0-301F-11D3-BF4B-00C04F79EFBC}") = "NServiceBus.Management.UI", "NServiceBus.Management.UI\NServiceBus.Management.UI.csproj", "{6CFE0535-E75C-4F70-8594-D8894F541F01}"
EndProject
Project("{2150E333-8FDC-42A3-9474-1A3956D46DE8}") = "Alerter", "Alerter", "{0F8CE08B-7E6F-41EF-841B-FE3CE7A879AA}"
EndProject
Project("{2150E333-8FDC-42A3-9474-1A3956D46DE8}") = "Rules", "Rules", "{37999669-3064-4C32-BDFE-8C3D06A1110A}"
EndProject
Project("{FAE04EC0-301F-11D3-BF4B-00C04F79EFBC}") = "Summary", "Alerter\Rules\Summary\Summary.csproj", "{0D20B2BF-682F-42AC-A7ED-1FA03BB4151C}"
EndProject
Project("{FAE04EC0-301F-11D3-BF4B-00C04F79EFBC}") = "ThresholdLimitReached", "Alerter\Rules\ThresholdLimitReached\ThresholdLimitReached.csproj", "{0B32B086-F288-4AA8-A7F4-C52876FB57E0}"
EndProject
Project("{FAE04EC0-301F-11D3-BF4B-00C04F79EFBC}") = "Config", "Alerter\Config\Config.csproj", "{74C74EC6-BC51-47D8-82BB-840B84452CD3}"
EndProject
Project("{FAE04EC0-301F-11D3-BF4B-00C04F79EFBC}") = "DomainEvents", "Alerter\DomainEvents\DomainEvents.csproj", "{7194DF75-11BA-45D7-8788-958807474D59}"
EndProject
Project("{FAE04EC0-301F-11D3-BF4B-00C04F79EFBC}") = "DomainEvents.Dispatcher.StructureMap", "Alerter\DomainEvents.Dispatcher\DomainEvents.Dispatcher.StructureMap.csproj", "{3CCE36B3-6178-4905-AF40-98A33B324F32}"
EndProject
Project("{FAE04EC0-301F-11D3-BF4B-00C04F79EFBC}") = "Host", "Alerter\Host\Host.csproj", "{572594F3-CB71-4764-8154-E80BEDB2AD37}"
EndProject
Project("{FAE04EC0-301F-11D3-BF4B-00C04F79EFBC}") = "Messages", "Alerter\Messages\Messages.csproj", "{C25A5B14-565B-4932-AFEB-375D54DB94BA}"
EndProject
Project("{FAE04EC0-301F-11D3-BF4B-00C04F79EFBC}") = "PrismEvents", "PrismEvents\PrismEvents.csproj", "{205E959E-CBF5-4986-B745-954A0B253047}"
EndProject
Project("{FAE04EC0-301F-11D3-BF4B-00C04F79EFBC}") = "Prism.ErrorModule", "Prism.ErrorModule\Prism.ErrorModule.csproj", "{F55C1B40-F6AD-414F-85C9-2B207E51676E}"
EndProject
Project("{FAE04EC0-301F-11D3-BF4B-00C04F79EFBC}") = "Monitor", "Monitor\Monitor.csproj", "{98B9C770-164B-4969-B532-9DA8E81CD1B6}"
EndProject
Project("{FAE04EC0-301F-11D3-BF4B-00C04F79EFBC}") = "Messages", "Messages\Messages.csproj", "{EE39F851-3938-4C11-83B9-1EEEB357C0C1}"
EndProject
Project("{2150E333-8FDC-42A3-9474-1A3956D46DE8}") = "DataAccess", "DataAccess", "{3E45F4E0-CCFA-4FCC-BC92-0F899C8D0EFC}"
EndProject
Project("{FAE04EC0-301F-11D3-BF4B-00C04F79EFBC}") = "Persister", "DataAccess\Persister\Persister.csproj", "{598457B0-CB15-4486-BC02-6763B915C455}"
EndProject
Project("{FAE04EC0-301F-11D3-BF4B-00C04F79EFBC}") = "Query", "DataAccess\Query\Query.csproj", "{71BAFD92-C4F7-4A3B-A610-2D3B51CDC4F6}"
EndProject
Project("{FAE04EC0-301F-11D3-BF4B-00C04F79EFBC}") = "TestHarness", "TestHarness\TestHarness.csproj", "{D7C4A24D-E458-45EA-A2CA-77212A89BC96}"
EndProject
Global
	GlobalSection(SolutionConfigurationPlatforms) = preSolution
		Debug|Any CPU = Debug|Any CPU
		Debug|Mixed Platforms = Debug|Mixed Platforms
		Debug|x86 = Debug|x86
		Release|Any CPU = Release|Any CPU
		Release|Mixed Platforms = Release|Mixed Platforms
		Release|x86 = Release|x86
	EndGlobalSection
	GlobalSection(ProjectConfigurationPlatforms) = postSolution
		{6CFE0535-E75C-4F70-8594-D8894F541F01}.Debug|Any CPU.ActiveCfg = Debug|x86
		{6CFE0535-E75C-4F70-8594-D8894F541F01}.Debug|Mixed Platforms.ActiveCfg = Debug|x86
		{6CFE0535-E75C-4F70-8594-D8894F541F01}.Debug|Mixed Platforms.Build.0 = Debug|x86
		{6CFE0535-E75C-4F70-8594-D8894F541F01}.Debug|x86.ActiveCfg = Debug|x86
		{6CFE0535-E75C-4F70-8594-D8894F541F01}.Debug|x86.Build.0 = Debug|x86
		{6CFE0535-E75C-4F70-8594-D8894F541F01}.Release|Any CPU.ActiveCfg = Release|x86
		{6CFE0535-E75C-4F70-8594-D8894F541F01}.Release|Mixed Platforms.ActiveCfg = Release|x86
		{6CFE0535-E75C-4F70-8594-D8894F541F01}.Release|Mixed Platforms.Build.0 = Release|x86
		{6CFE0535-E75C-4F70-8594-D8894F541F01}.Release|x86.ActiveCfg = Release|x86
		{6CFE0535-E75C-4F70-8594-D8894F541F01}.Release|x86.Build.0 = Release|x86
		{0D20B2BF-682F-42AC-A7ED-1FA03BB4151C}.Debug|Any CPU.ActiveCfg = Debug|Any CPU
		{0D20B2BF-682F-42AC-A7ED-1FA03BB4151C}.Debug|Any CPU.Build.0 = Debug|Any CPU
		{0D20B2BF-682F-42AC-A7ED-1FA03BB4151C}.Debug|Mixed Platforms.ActiveCfg = Debug|Any CPU
		{0D20B2BF-682F-42AC-A7ED-1FA03BB4151C}.Debug|Mixed Platforms.Build.0 = Debug|Any CPU
		{0D20B2BF-682F-42AC-A7ED-1FA03BB4151C}.Debug|x86.ActiveCfg = Debug|Any CPU
		{0D20B2BF-682F-42AC-A7ED-1FA03BB4151C}.Release|Any CPU.ActiveCfg = Release|Any CPU
		{0D20B2BF-682F-42AC-A7ED-1FA03BB4151C}.Release|Any CPU.Build.0 = Release|Any CPU
		{0D20B2BF-682F-42AC-A7ED-1FA03BB4151C}.Release|Mixed Platforms.ActiveCfg = Release|Any CPU
		{0D20B2BF-682F-42AC-A7ED-1FA03BB4151C}.Release|Mixed Platforms.Build.0 = Release|Any CPU
		{0D20B2BF-682F-42AC-A7ED-1FA03BB4151C}.Release|x86.ActiveCfg = Release|Any CPU
		{0B32B086-F288-4AA8-A7F4-C52876FB57E0}.Debug|Any CPU.ActiveCfg = Debug|Any CPU
		{0B32B086-F288-4AA8-A7F4-C52876FB57E0}.Debug|Any CPU.Build.0 = Debug|Any CPU
		{0B32B086-F288-4AA8-A7F4-C52876FB57E0}.Debug|Mixed Platforms.ActiveCfg = Debug|Any CPU
		{0B32B086-F288-4AA8-A7F4-C52876FB57E0}.Debug|Mixed Platforms.Build.0 = Debug|Any CPU
		{0B32B086-F288-4AA8-A7F4-C52876FB57E0}.Debug|x86.ActiveCfg = Debug|Any CPU
		{0B32B086-F288-4AA8-A7F4-C52876FB57E0}.Release|Any CPU.ActiveCfg = Release|Any CPU
		{0B32B086-F288-4AA8-A7F4-C52876FB57E0}.Release|Any CPU.Build.0 = Release|Any CPU
		{0B32B086-F288-4AA8-A7F4-C52876FB57E0}.Release|Mixed Platforms.ActiveCfg = Release|Any CPU
		{0B32B086-F288-4AA8-A7F4-C52876FB57E0}.Release|Mixed Platforms.Build.0 = Release|Any CPU
		{0B32B086-F288-4AA8-A7F4-C52876FB57E0}.Release|x86.ActiveCfg = Release|Any CPU
		{74C74EC6-BC51-47D8-82BB-840B84452CD3}.Debug|Any CPU.ActiveCfg = Debug|Any CPU
		{74C74EC6-BC51-47D8-82BB-840B84452CD3}.Debug|Any CPU.Build.0 = Debug|Any CPU
		{74C74EC6-BC51-47D8-82BB-840B84452CD3}.Debug|Mixed Platforms.ActiveCfg = Debug|Any CPU
		{74C74EC6-BC51-47D8-82BB-840B84452CD3}.Debug|Mixed Platforms.Build.0 = Debug|Any CPU
		{74C74EC6-BC51-47D8-82BB-840B84452CD3}.Debug|x86.ActiveCfg = Debug|Any CPU
		{74C74EC6-BC51-47D8-82BB-840B84452CD3}.Release|Any CPU.ActiveCfg = Release|Any CPU
		{74C74EC6-BC51-47D8-82BB-840B84452CD3}.Release|Any CPU.Build.0 = Release|Any CPU
		{74C74EC6-BC51-47D8-82BB-840B84452CD3}.Release|Mixed Platforms.ActiveCfg = Release|Any CPU
		{74C74EC6-BC51-47D8-82BB-840B84452CD3}.Release|Mixed Platforms.Build.0 = Release|Any CPU
		{74C74EC6-BC51-47D8-82BB-840B84452CD3}.Release|x86.ActiveCfg = Release|Any CPU
		{7194DF75-11BA-45D7-8788-958807474D59}.Debug|Any CPU.ActiveCfg = Debug|Any CPU
		{7194DF75-11BA-45D7-8788-958807474D59}.Debug|Any CPU.Build.0 = Debug|Any CPU
		{7194DF75-11BA-45D7-8788-958807474D59}.Debug|Mixed Platforms.ActiveCfg = Debug|Any CPU
		{7194DF75-11BA-45D7-8788-958807474D59}.Debug|Mixed Platforms.Build.0 = Debug|Any CPU
		{7194DF75-11BA-45D7-8788-958807474D59}.Debug|x86.ActiveCfg = Debug|Any CPU
		{7194DF75-11BA-45D7-8788-958807474D59}.Release|Any CPU.ActiveCfg = Release|Any CPU
		{7194DF75-11BA-45D7-8788-958807474D59}.Release|Any CPU.Build.0 = Release|Any CPU
		{7194DF75-11BA-45D7-8788-958807474D59}.Release|Mixed Platforms.ActiveCfg = Release|Any CPU
		{7194DF75-11BA-45D7-8788-958807474D59}.Release|Mixed Platforms.Build.0 = Release|Any CPU
		{7194DF75-11BA-45D7-8788-958807474D59}.Release|x86.ActiveCfg = Release|Any CPU
		{3CCE36B3-6178-4905-AF40-98A33B324F32}.Debug|Any CPU.ActiveCfg = Debug|Any CPU
		{3CCE36B3-6178-4905-AF40-98A33B324F32}.Debug|Any CPU.Build.0 = Debug|Any CPU
		{3CCE36B3-6178-4905-AF40-98A33B324F32}.Debug|Mixed Platforms.ActiveCfg = Debug|Any CPU
		{3CCE36B3-6178-4905-AF40-98A33B324F32}.Debug|Mixed Platforms.Build.0 = Debug|Any CPU
		{3CCE36B3-6178-4905-AF40-98A33B324F32}.Debug|x86.ActiveCfg = Debug|Any CPU
		{3CCE36B3-6178-4905-AF40-98A33B324F32}.Release|Any CPU.ActiveCfg = Release|Any CPU
		{3CCE36B3-6178-4905-AF40-98A33B324F32}.Release|Any CPU.Build.0 = Release|Any CPU
		{3CCE36B3-6178-4905-AF40-98A33B324F32}.Release|Mixed Platforms.ActiveCfg = Release|Any CPU
		{3CCE36B3-6178-4905-AF40-98A33B324F32}.Release|Mixed Platforms.Build.0 = Release|Any CPU
		{3CCE36B3-6178-4905-AF40-98A33B324F32}.Release|x86.ActiveCfg = Release|Any CPU
		{572594F3-CB71-4764-8154-E80BEDB2AD37}.Debug|Any CPU.ActiveCfg = Debug|Any CPU
		{572594F3-CB71-4764-8154-E80BEDB2AD37}.Debug|Any CPU.Build.0 = Debug|Any CPU
		{572594F3-CB71-4764-8154-E80BEDB2AD37}.Debug|Mixed Platforms.ActiveCfg = Debug|Any CPU
		{572594F3-CB71-4764-8154-E80BEDB2AD37}.Debug|Mixed Platforms.Build.0 = Debug|Any CPU
		{572594F3-CB71-4764-8154-E80BEDB2AD37}.Debug|x86.ActiveCfg = Debug|Any CPU
		{572594F3-CB71-4764-8154-E80BEDB2AD37}.Release|Any CPU.ActiveCfg = Release|Any CPU
		{572594F3-CB71-4764-8154-E80BEDB2AD37}.Release|Any CPU.Build.0 = Release|Any CPU
		{572594F3-CB71-4764-8154-E80BEDB2AD37}.Release|Mixed Platforms.ActiveCfg = Release|Any CPU
		{572594F3-CB71-4764-8154-E80BEDB2AD37}.Release|Mixed Platforms.Build.0 = Release|Any CPU
		{572594F3-CB71-4764-8154-E80BEDB2AD37}.Release|x86.ActiveCfg = Release|Any CPU
		{C25A5B14-565B-4932-AFEB-375D54DB94BA}.Debug|Any CPU.ActiveCfg = Debug|Any CPU
		{C25A5B14-565B-4932-AFEB-375D54DB94BA}.Debug|Any CPU.Build.0 = Debug|Any CPU
		{C25A5B14-565B-4932-AFEB-375D54DB94BA}.Debug|Mixed Platforms.ActiveCfg = Debug|Any CPU
		{C25A5B14-565B-4932-AFEB-375D54DB94BA}.Debug|Mixed Platforms.Build.0 = Debug|Any CPU
		{C25A5B14-565B-4932-AFEB-375D54DB94BA}.Debug|x86.ActiveCfg = Debug|Any CPU
		{C25A5B14-565B-4932-AFEB-375D54DB94BA}.Release|Any CPU.ActiveCfg = Release|Any CPU
		{C25A5B14-565B-4932-AFEB-375D54DB94BA}.Release|Any CPU.Build.0 = Release|Any CPU
		{C25A5B14-565B-4932-AFEB-375D54DB94BA}.Release|Mixed Platforms.ActiveCfg = Release|Any CPU
		{C25A5B14-565B-4932-AFEB-375D54DB94BA}.Release|Mixed Platforms.Build.0 = Release|Any CPU
		{C25A5B14-565B-4932-AFEB-375D54DB94BA}.Release|x86.ActiveCfg = Release|Any CPU
		{205E959E-CBF5-4986-B745-954A0B253047}.Debug|Any CPU.ActiveCfg = Debug|Any CPU
		{205E959E-CBF5-4986-B745-954A0B253047}.Debug|Any CPU.Build.0 = Debug|Any CPU
		{205E959E-CBF5-4986-B745-954A0B253047}.Debug|Mixed Platforms.ActiveCfg = Debug|Any CPU
		{205E959E-CBF5-4986-B745-954A0B253047}.Debug|Mixed Platforms.Build.0 = Debug|Any CPU
		{205E959E-CBF5-4986-B745-954A0B253047}.Debug|x86.ActiveCfg = Debug|Any CPU
		{205E959E-CBF5-4986-B745-954A0B253047}.Release|Any CPU.ActiveCfg = Release|Any CPU
		{205E959E-CBF5-4986-B745-954A0B253047}.Release|Any CPU.Build.0 = Release|Any CPU
		{205E959E-CBF5-4986-B745-954A0B253047}.Release|Mixed Platforms.ActiveCfg = Release|Any CPU
		{205E959E-CBF5-4986-B745-954A0B253047}.Release|Mixed Platforms.Build.0 = Release|Any CPU
		{205E959E-CBF5-4986-B745-954A0B253047}.Release|x86.ActiveCfg = Release|Any CPU
		{F55C1B40-F6AD-414F-85C9-2B207E51676E}.Debug|Any CPU.ActiveCfg = Debug|Any CPU
		{F55C1B40-F6AD-414F-85C9-2B207E51676E}.Debug|Any CPU.Build.0 = Debug|Any CPU
		{F55C1B40-F6AD-414F-85C9-2B207E51676E}.Debug|Mixed Platforms.ActiveCfg = Debug|Any CPU
		{F55C1B40-F6AD-414F-85C9-2B207E51676E}.Debug|Mixed Platforms.Build.0 = Debug|Any CPU
		{F55C1B40-F6AD-414F-85C9-2B207E51676E}.Debug|x86.ActiveCfg = Debug|Any CPU
		{F55C1B40-F6AD-414F-85C9-2B207E51676E}.Release|Any CPU.ActiveCfg = Release|Any CPU
		{F55C1B40-F6AD-414F-85C9-2B207E51676E}.Release|Any CPU.Build.0 = Release|Any CPU
		{F55C1B40-F6AD-414F-85C9-2B207E51676E}.Release|Mixed Platforms.ActiveCfg = Release|Any CPU
		{F55C1B40-F6AD-414F-85C9-2B207E51676E}.Release|Mixed Platforms.Build.0 = Release|Any CPU
		{F55C1B40-F6AD-414F-85C9-2B207E51676E}.Release|x86.ActiveCfg = Release|Any CPU
		{98B9C770-164B-4969-B532-9DA8E81CD1B6}.Debug|Any CPU.ActiveCfg = Debug|Any CPU
		{98B9C770-164B-4969-B532-9DA8E81CD1B6}.Debug|Any CPU.Build.0 = Debug|Any CPU
		{98B9C770-164B-4969-B532-9DA8E81CD1B6}.Debug|Mixed Platforms.ActiveCfg = Debug|Any CPU
		{98B9C770-164B-4969-B532-9DA8E81CD1B6}.Debug|Mixed Platforms.Build.0 = Debug|Any CPU
		{98B9C770-164B-4969-B532-9DA8E81CD1B6}.Debug|x86.ActiveCfg = Debug|Any CPU
		{98B9C770-164B-4969-B532-9DA8E81CD1B6}.Release|Any CPU.ActiveCfg = Release|Any CPU
		{98B9C770-164B-4969-B532-9DA8E81CD1B6}.Release|Any CPU.Build.0 = Release|Any CPU
		{98B9C770-164B-4969-B532-9DA8E81CD1B6}.Release|Mixed Platforms.ActiveCfg = Release|Any CPU
		{98B9C770-164B-4969-B532-9DA8E81CD1B6}.Release|Mixed Platforms.Build.0 = Release|Any CPU
		{98B9C770-164B-4969-B532-9DA8E81CD1B6}.Release|x86.ActiveCfg = Release|Any CPU
		{EE39F851-3938-4C11-83B9-1EEEB357C0C1}.Debug|Any CPU.ActiveCfg = Debug|Any CPU
		{EE39F851-3938-4C11-83B9-1EEEB357C0C1}.Debug|Any CPU.Build.0 = Debug|Any CPU
		{EE39F851-3938-4C11-83B9-1EEEB357C0C1}.Debug|Mixed Platforms.ActiveCfg = Debug|Any CPU
		{EE39F851-3938-4C11-83B9-1EEEB357C0C1}.Debug|Mixed Platforms.Build.0 = Debug|Any CPU
		{EE39F851-3938-4C11-83B9-1EEEB357C0C1}.Debug|x86.ActiveCfg = Debug|Any CPU
		{EE39F851-3938-4C11-83B9-1EEEB357C0C1}.Release|Any CPU.ActiveCfg = Release|Any CPU
		{EE39F851-3938-4C11-83B9-1EEEB357C0C1}.Release|Any CPU.Build.0 = Release|Any CPU
		{EE39F851-3938-4C11-83B9-1EEEB357C0C1}.Release|Mixed Platforms.ActiveCfg = Release|Any CPU
		{EE39F851-3938-4C11-83B9-1EEEB357C0C1}.Release|Mixed Platforms.Build.0 = Release|Any CPU
		{EE39F851-3938-4C11-83B9-1EEEB357C0C1}.Release|x86.ActiveCfg = Release|Any CPU
		{598457B0-CB15-4486-BC02-6763B915C455}.Debug|Any CPU.ActiveCfg = Debug|Any CPU
		{598457B0-CB15-4486-BC02-6763B915C455}.Debug|Any CPU.Build.0 = Debug|Any CPU
		{598457B0-CB15-4486-BC02-6763B915C455}.Debug|Mixed Platforms.ActiveCfg = Debug|Any CPU
		{598457B0-CB15-4486-BC02-6763B915C455}.Debug|Mixed Platforms.Build.0 = Debug|Any CPU
		{598457B0-CB15-4486-BC02-6763B915C455}.Debug|x86.ActiveCfg = Debug|Any CPU
		{598457B0-CB15-4486-BC02-6763B915C455}.Release|Any CPU.ActiveCfg = Release|Any CPU
		{598457B0-CB15-4486-BC02-6763B915C455}.Release|Any CPU.Build.0 = Release|Any CPU
		{598457B0-CB15-4486-BC02-6763B915C455}.Release|Mixed Platforms.ActiveCfg = Release|Any CPU
		{598457B0-CB15-4486-BC02-6763B915C455}.Release|Mixed Platforms.Build.0 = Release|Any CPU
		{598457B0-CB15-4486-BC02-6763B915C455}.Release|x86.ActiveCfg = Release|Any CPU
		{71BAFD92-C4F7-4A3B-A610-2D3B51CDC4F6}.Debug|Any CPU.ActiveCfg = Debug|Any CPU
		{71BAFD92-C4F7-4A3B-A610-2D3B51CDC4F6}.Debug|Any CPU.Build.0 = Debug|Any CPU
		{71BAFD92-C4F7-4A3B-A610-2D3B51CDC4F6}.Debug|Mixed Platforms.ActiveCfg = Debug|Any CPU
		{71BAFD92-C4F7-4A3B-A610-2D3B51CDC4F6}.Debug|Mixed Platforms.Build.0 = Debug|Any CPU
		{71BAFD92-C4F7-4A3B-A610-2D3B51CDC4F6}.Debug|x86.ActiveCfg = Debug|Any CPU
		{71BAFD92-C4F7-4A3B-A610-2D3B51CDC4F6}.Release|Any CPU.ActiveCfg = Release|Any CPU
		{71BAFD92-C4F7-4A3B-A610-2D3B51CDC4F6}.Release|Any CPU.Build.0 = Release|Any CPU
		{71BAFD92-C4F7-4A3B-A610-2D3B51CDC4F6}.Release|Mixed Platforms.ActiveCfg = Release|Any CPU
		{71BAFD92-C4F7-4A3B-A610-2D3B51CDC4F6}.Release|Mixed Platforms.Build.0 = Release|Any CPU
		{71BAFD92-C4F7-4A3B-A610-2D3B51CDC4F6}.Release|x86.ActiveCfg = Release|Any CPU
		{D7C4A24D-E458-45EA-A2CA-77212A89BC96}.Debug|Any CPU.ActiveCfg = Debug|Any CPU
		{D7C4A24D-E458-45EA-A2CA-77212A89BC96}.Debug|Any CPU.Build.0 = Debug|Any CPU
		{D7C4A24D-E458-45EA-A2CA-77212A89BC96}.Debug|Mixed Platforms.ActiveCfg = Debug|Any CPU
		{D7C4A24D-E458-45EA-A2CA-77212A89BC96}.Debug|Mixed Platforms.Build.0 = Debug|Any CPU
		{D7C4A24D-E458-45EA-A2CA-77212A89BC96}.Debug|x86.ActiveCfg = Debug|Any CPU
		{D7C4A24D-E458-45EA-A2CA-77212A89BC96}.Release|Any CPU.ActiveCfg = Release|Any CPU
		{D7C4A24D-E458-45EA-A2CA-77212A89BC96}.Release|Any CPU.Build.0 = Release|Any CPU
		{D7C4A24D-E458-45EA-A2CA-77212A89BC96}.Release|Mixed Platforms.ActiveCfg = Release|Any CPU
		{D7C4A24D-E458-45EA-A2CA-77212A89BC96}.Release|Mixed Platforms.Build.0 = Release|Any CPU
		{D7C4A24D-E458-45EA-A2CA-77212A89BC96}.Release|x86.ActiveCfg = Release|Any CPU
	EndGlobalSection
	GlobalSection(SolutionProperties) = preSolution
		HideSolutionNode = FALSE
	EndGlobalSection
	GlobalSection(NestedProjects) = preSolution
		{37999669-3064-4C32-BDFE-8C3D06A1110A} = {0F8CE08B-7E6F-41EF-841B-FE3CE7A879AA}
		{74C74EC6-BC51-47D8-82BB-840B84452CD3} = {0F8CE08B-7E6F-41EF-841B-FE3CE7A879AA}
		{7194DF75-11BA-45D7-8788-958807474D59} = {0F8CE08B-7E6F-41EF-841B-FE3CE7A879AA}
		{3CCE36B3-6178-4905-AF40-98A33B324F32} = {0F8CE08B-7E6F-41EF-841B-FE3CE7A879AA}
		{572594F3-CB71-4764-8154-E80BEDB2AD37} = {0F8CE08B-7E6F-41EF-841B-FE3CE7A879AA}
		{C25A5B14-565B-4932-AFEB-375D54DB94BA} = {0F8CE08B-7E6F-41EF-841B-FE3CE7A879AA}
		{0D20B2BF-682F-42AC-A7ED-1FA03BB4151C} = {37999669-3064-4C32-BDFE-8C3D06A1110A}
		{0B32B086-F288-4AA8-A7F4-C52876FB57E0} = {37999669-3064-4C32-BDFE-8C3D06A1110A}
		{598457B0-CB15-4486-BC02-6763B915C455} = {3E45F4E0-CCFA-4FCC-BC92-0F899C8D0EFC}
		{71BAFD92-C4F7-4A3B-A610-2D3B51CDC4F6} = {3E45F4E0-CCFA-4FCC-BC92-0F899C8D0EFC}
	EndGlobalSection
	GlobalSection(ExtensibilityGlobals) = postSolution
		EnterpriseLibraryConfigurationToolBinariesPath = packages\Unity.2.1.505.0\lib\NET35
	EndGlobalSection
EndGlobal
