
Microsoft Visual Studio Solution File, Format Version 11.00
# Visual Studio 2010
Project("{FAE04EC0-301F-11D3-BF4B-00C04F79EFBC}") = "NServiceBus.Management.Auditing.Persistence", "NServiceBus.Management.Auditing.Persister\NServiceBus.Management.Auditing.Persistence.csproj", "{ABB1E0FE-FFAD-485E-9DA6-B1B09C72DA74}"
EndProject
Project("{FAE04EC0-301F-11D3-BF4B-00C04F79EFBC}") = "NServiceBus.Management.Auditing", "NServiceBus.Management.Auditing\NServiceBus.Management.Auditing.csproj", "{1295A0C9-2A77-46E4-80BF-D20D28750950}"
EndProject
Project("{FAE04EC0-301F-11D3-BF4B-00C04F79EFBC}") = "NServiceBus.Management.Auditing.Persisters.Raven", "Persisters\RavenDB\NServiceBus.Management.Auditing.Persisters.Raven\NServiceBus.Management.Auditing.Persisters.Raven.csproj", "{BF6DB358-1DD5-4372-B2D5-F546A8C15005}"
EndProject
Project("{2150E333-8FDC-42A3-9474-1A3956D46DE8}") = "Persisters", "Persisters", "{8F67A7CD-B832-4B09-A367-980238E81DA8}"
EndProject
Project("{2150E333-8FDC-42A3-9474-1A3956D46DE8}") = "Raven", "Raven", "{EE6C6D44-0655-4352-98A6-A2B7CD6FB8C4}"
EndProject
Global
	GlobalSection(SolutionConfigurationPlatforms) = preSolution
		Debug|Any CPU = Debug|Any CPU
		Release|Any CPU = Release|Any CPU
	EndGlobalSection
	GlobalSection(ProjectConfigurationPlatforms) = postSolution
		{ABB1E0FE-FFAD-485E-9DA6-B1B09C72DA74}.Debug|Any CPU.ActiveCfg = Debug|Any CPU
		{ABB1E0FE-FFAD-485E-9DA6-B1B09C72DA74}.Debug|Any CPU.Build.0 = Debug|Any CPU
		{ABB1E0FE-FFAD-485E-9DA6-B1B09C72DA74}.Release|Any CPU.ActiveCfg = Release|Any CPU
		{ABB1E0FE-FFAD-485E-9DA6-B1B09C72DA74}.Release|Any CPU.Build.0 = Release|Any CPU
		{1295A0C9-2A77-46E4-80BF-D20D28750950}.Debug|Any CPU.ActiveCfg = Debug|Any CPU
		{1295A0C9-2A77-46E4-80BF-D20D28750950}.Debug|Any CPU.Build.0 = Debug|Any CPU
		{1295A0C9-2A77-46E4-80BF-D20D28750950}.Release|Any CPU.ActiveCfg = Release|Any CPU
		{1295A0C9-2A77-46E4-80BF-D20D28750950}.Release|Any CPU.Build.0 = Release|Any CPU
		{BF6DB358-1DD5-4372-B2D5-F546A8C15005}.Debug|Any CPU.ActiveCfg = Debug|Any CPU
		{BF6DB358-1DD5-4372-B2D5-F546A8C15005}.Debug|Any CPU.Build.0 = Debug|Any CPU
		{BF6DB358-1DD5-4372-B2D5-F546A8C15005}.Release|Any CPU.ActiveCfg = Release|Any CPU
		{BF6DB358-1DD5-4372-B2D5-F546A8C15005}.Release|Any CPU.Build.0 = Release|Any CPU
	EndGlobalSection
	GlobalSection(SolutionProperties) = preSolution
		HideSolutionNode = FALSE
	EndGlobalSection
	GlobalSection(NestedProjects) = preSolution
		{EE6C6D44-0655-4352-98A6-A2B7CD6FB8C4} = {8F67A7CD-B832-4B09-A367-980238E81DA8}
		{BF6DB358-1DD5-4372-B2D5-F546A8C15005} = {EE6C6D44-0655-4352-98A6-A2B7CD6FB8C4}
	EndGlobalSection
EndGlobal
